// !$*UTF8*$!
{
	archiveVersion = 1;
	classes = {
	};
	objectVersion = 51;
	objects = {

/* Begin PBXBuildFile section */
		0CC14F111739ECA997F1CC60 /* Pods_instaClone.framework in Frameworks */ = {isa = PBXBuildFile; fileRef = CC39865A7D0BDBA075584F88 /* Pods_instaClone.framework */; };
		290029AC27F676A2006B72E9 /* UploadPostController.swift in Sources */ = {isa = PBXBuildFile; fileRef = 290029AB27F676A2006B72E9 /* UploadPostController.swift */; };
		290029AF27F67D57006B72E9 /* InputTextView.swift in Sources */ = {isa = PBXBuildFile; fileRef = 290029AE27F67D57006B72E9 /* InputTextView.swift */; };
		292167D227F9EA0C0008EA4D /* CommentController.swift in Sources */ = {isa = PBXBuildFile; fileRef = 292167D127F9EA0C0008EA4D /* CommentController.swift */; };
		292167D527F9EC920008EA4D /* CommentCell.swift in Sources */ = {isa = PBXBuildFile; fileRef = 292167D427F9EC920008EA4D /* CommentCell.swift */; };
		2940A9D427B4298200BAE463 /* ProfileCell.swift in Sources */ = {isa = PBXBuildFile; fileRef = 2940A9D327B4298200BAE463 /* ProfileCell.swift */; };
		2940A9D727B4299E00BAE463 /* ProfileHeader.swift in Sources */ = {isa = PBXBuildFile; fileRef = 2940A9D627B4299E00BAE463 /* ProfileHeader.swift */; };
		294F0C2C27BA3BF900BC862C /* UserCell.swift in Sources */ = {isa = PBXBuildFile; fileRef = 294F0C2B27BA3BF900BC862C /* UserCell.swift */; };
		294FEFED27B9AC1E00364BFC /* Constants.swift in Sources */ = {isa = PBXBuildFile; fileRef = 294FEFEC27B9AC1E00364BFC /* Constants.swift */; };
		294FEFF027B9ACBA00364BFC /* UserService.swift in Sources */ = {isa = PBXBuildFile; fileRef = 294FEFEF27B9ACBA00364BFC /* UserService.swift */; };
		294FEFF327B9AEEA00364BFC /* User.swift in Sources */ = {isa = PBXBuildFile; fileRef = 294FEFF227B9AEEA00364BFC /* User.swift */; };
		294FEFF627B9C21E00364BFC /* ProfileHeaderViewModel.swift in Sources */ = {isa = PBXBuildFile; fileRef = 294FEFF527B9C21E00364BFC /* ProfileHeaderViewModel.swift */; };
		298ADA6427976AEA001222A7 /* GoogleService-Info.plist in Resources */ = {isa = PBXBuildFile; fileRef = 298ADA6327976AEA001222A7 /* GoogleService-Info.plist */; };
		299A02F627879A0C00672CAB /* AppDelegate.swift in Sources */ = {isa = PBXBuildFile; fileRef = 299A02F527879A0C00672CAB /* AppDelegate.swift */; };
		299A02F827879A0C00672CAB /* SceneDelegate.swift in Sources */ = {isa = PBXBuildFile; fileRef = 299A02F727879A0C00672CAB /* SceneDelegate.swift */; };
		299A030227879A0F00672CAB /* LaunchScreen.storyboard in Resources */ = {isa = PBXBuildFile; fileRef = 299A030027879A0F00672CAB /* LaunchScreen.storyboard */; };
		299A031527879CA000672CAB /* MainTabController.swift in Sources */ = {isa = PBXBuildFile; fileRef = 299A031427879CA000672CAB /* MainTabController.swift */; };
		299A031A2787A2A600672CAB /* FeedController.swift in Sources */ = {isa = PBXBuildFile; fileRef = 299A03192787A2A600672CAB /* FeedController.swift */; };
		299A031D2787A2BE00672CAB /* SearchController.swift in Sources */ = {isa = PBXBuildFile; fileRef = 299A031C2787A2BE00672CAB /* SearchController.swift */; };
		299A03202787A2D100672CAB /* ImageSelectorController.swift in Sources */ = {isa = PBXBuildFile; fileRef = 299A031F2787A2D100672CAB /* ImageSelectorController.swift */; };
		299A03232787A2DF00672CAB /* NotificationController.swift in Sources */ = {isa = PBXBuildFile; fileRef = 299A03222787A2DF00672CAB /* NotificationController.swift */; };
		299A03262787A2F000672CAB /* ProfileController.swift in Sources */ = {isa = PBXBuildFile; fileRef = 299A03252787A2F000672CAB /* ProfileController.swift */; };
		299ECCE127F7317100554721 /* PostService.swift in Sources */ = {isa = PBXBuildFile; fileRef = 299ECCE027F7317100554721 /* PostService.swift */; };
		299F3A8D27BD984600FEF1A0 /* UserCellViewModel.swift in Sources */ = {isa = PBXBuildFile; fileRef = 299F3A8C27BD984600FEF1A0 /* UserCellViewModel.swift */; };
		29A3037127F7C7AF00E2EDFB /* Post.swift in Sources */ = {isa = PBXBuildFile; fileRef = 29A3037027F7C7AF00E2EDFB /* Post.swift */; };
		29A3037427F7D68500E2EDFB /* PostViewModel.swift in Sources */ = {isa = PBXBuildFile; fileRef = 29A3037327F7D68500E2EDFB /* PostViewModel.swift */; };
		29D76DED27FCAAFB002DCDB3 /* CommentInputAccessoryView.swift in Sources */ = {isa = PBXBuildFile; fileRef = 29D76DEC27FCAAFB002DCDB3 /* CommentInputAccessoryView.swift */; };
		29D76DF027FCD1FF002DCDB3 /* CommentService.swift in Sources */ = {isa = PBXBuildFile; fileRef = 29D76DEF27FCD1FF002DCDB3 /* CommentService.swift */; };
		29D76DF327FD173D002DCDB3 /* Comment.swift in Sources */ = {isa = PBXBuildFile; fileRef = 29D76DF227FD173D002DCDB3 /* Comment.swift */; };
		29D76DF627FD3EF1002DCDB3 /* CommentViewModel.swift in Sources */ = {isa = PBXBuildFile; fileRef = 29D76DF527FD3EF1002DCDB3 /* CommentViewModel.swift */; };
		29D76DF927FF8B54002DCDB3 /* NotificationCell.swift in Sources */ = {isa = PBXBuildFile; fileRef = 29D76DF827FF8B54002DCDB3 /* NotificationCell.swift */; };
		29D76DFC28051497002DCDB3 /* Notification.swift in Sources */ = {isa = PBXBuildFile; fileRef = 29D76DFB28051497002DCDB3 /* Notification.swift */; };
		29EA25CE279D300600AA81F1 /* ImageUploader.swift in Sources */ = {isa = PBXBuildFile; fileRef = 29EA25CD279D300600AA81F1 /* ImageUploader.swift */; };
		29EA25D1279D301C00AA81F1 /* AuthService.swift in Sources */ = {isa = PBXBuildFile; fileRef = 29EA25D0279D301C00AA81F1 /* AuthService.swift */; };
		29ED30B52787D0E700D72974 /* Assets.xcassets in Resources */ = {isa = PBXBuildFile; fileRef = 29ED30B42787D0E600D72974 /* Assets.xcassets */; };
		29FF71862787F50600795AB5 /* FeedCell.swift in Sources */ = {isa = PBXBuildFile; fileRef = 29FF71852787F50600795AB5 /* FeedCell.swift */; };
		29FF71892787F70400795AB5 /* Extensions.swift in Sources */ = {isa = PBXBuildFile; fileRef = 29FF71882787F70400795AB5 /* Extensions.swift */; };
		29FF718C2788259E00795AB5 /* LoginController.swift in Sources */ = {isa = PBXBuildFile; fileRef = 29FF718B2788259E00795AB5 /* LoginController.swift */; };
		29FF718F278825B100795AB5 /* RegistrationController.swift in Sources */ = {isa = PBXBuildFile; fileRef = 29FF718E278825B100795AB5 /* RegistrationController.swift */; };
		29FF71922788E77500795AB5 /* CustomTextField.swift in Sources */ = {isa = PBXBuildFile; fileRef = 29FF71912788E77500795AB5 /* CustomTextField.swift */; };
		29FF7195278A72E400795AB5 /* AuthenticationViewModel.swift in Sources */ = {isa = PBXBuildFile; fileRef = 29FF7194278A72E400795AB5 /* AuthenticationViewModel.swift */; };
/* End PBXBuildFile section */

/* Begin PBXFileReference section */
		290029AB27F676A2006B72E9 /* UploadPostController.swift */ = {isa = PBXFileReference; lastKnownFileType = sourcecode.swift; path = UploadPostController.swift; sourceTree = "<group>"; };
		290029AE27F67D57006B72E9 /* InputTextView.swift */ = {isa = PBXFileReference; lastKnownFileType = sourcecode.swift; path = InputTextView.swift; sourceTree = "<group>"; };
		292167D127F9EA0C0008EA4D /* CommentController.swift */ = {isa = PBXFileReference; lastKnownFileType = sourcecode.swift; path = CommentController.swift; sourceTree = "<group>"; };
		292167D427F9EC920008EA4D /* CommentCell.swift */ = {isa = PBXFileReference; lastKnownFileType = sourcecode.swift; path = CommentCell.swift; sourceTree = "<group>"; };
		2940A9D327B4298200BAE463 /* ProfileCell.swift */ = {isa = PBXFileReference; lastKnownFileType = sourcecode.swift; path = ProfileCell.swift; sourceTree = "<group>"; };
		2940A9D627B4299E00BAE463 /* ProfileHeader.swift */ = {isa = PBXFileReference; lastKnownFileType = sourcecode.swift; path = ProfileHeader.swift; sourceTree = "<group>"; };
		294F0C2B27BA3BF900BC862C /* UserCell.swift */ = {isa = PBXFileReference; lastKnownFileType = sourcecode.swift; path = UserCell.swift; sourceTree = "<group>"; };
		294FEFEC27B9AC1E00364BFC /* Constants.swift */ = {isa = PBXFileReference; lastKnownFileType = sourcecode.swift; path = Constants.swift; sourceTree = "<group>"; };
		294FEFEF27B9ACBA00364BFC /* UserService.swift */ = {isa = PBXFileReference; lastKnownFileType = sourcecode.swift; path = UserService.swift; sourceTree = "<group>"; };
		294FEFF227B9AEEA00364BFC /* User.swift */ = {isa = PBXFileReference; lastKnownFileType = sourcecode.swift; path = User.swift; sourceTree = "<group>"; };
		294FEFF527B9C21E00364BFC /* ProfileHeaderViewModel.swift */ = {isa = PBXFileReference; lastKnownFileType = sourcecode.swift; path = ProfileHeaderViewModel.swift; sourceTree = "<group>"; };
		298ADA6327976AEA001222A7 /* GoogleService-Info.plist */ = {isa = PBXFileReference; fileEncoding = 4; lastKnownFileType = text.plist.xml; path = "GoogleService-Info.plist"; sourceTree = "<group>"; };
		299A02F227879A0C00672CAB /* instaClone.app */ = {isa = PBXFileReference; explicitFileType = wrapper.application; includeInIndex = 0; path = instaClone.app; sourceTree = BUILT_PRODUCTS_DIR; };
		299A02F527879A0C00672CAB /* AppDelegate.swift */ = {isa = PBXFileReference; lastKnownFileType = sourcecode.swift; path = AppDelegate.swift; sourceTree = "<group>"; };
		299A02F727879A0C00672CAB /* SceneDelegate.swift */ = {isa = PBXFileReference; lastKnownFileType = sourcecode.swift; path = SceneDelegate.swift; sourceTree = "<group>"; };
		299A030127879A0F00672CAB /* Base */ = {isa = PBXFileReference; lastKnownFileType = file.storyboard; name = Base; path = Base.lproj/LaunchScreen.storyboard; sourceTree = "<group>"; };
		299A030327879A0F00672CAB /* Info.plist */ = {isa = PBXFileReference; lastKnownFileType = text.plist.xml; path = Info.plist; sourceTree = "<group>"; };
		299A031427879CA000672CAB /* MainTabController.swift */ = {isa = PBXFileReference; lastKnownFileType = sourcecode.swift; path = MainTabController.swift; sourceTree = "<group>"; };
		299A03192787A2A600672CAB /* FeedController.swift */ = {isa = PBXFileReference; lastKnownFileType = sourcecode.swift; path = FeedController.swift; sourceTree = "<group>"; };
		299A031C2787A2BE00672CAB /* SearchController.swift */ = {isa = PBXFileReference; lastKnownFileType = sourcecode.swift; path = SearchController.swift; sourceTree = "<group>"; };
		299A031F2787A2D100672CAB /* ImageSelectorController.swift */ = {isa = PBXFileReference; lastKnownFileType = sourcecode.swift; path = ImageSelectorController.swift; sourceTree = "<group>"; };
		299A03222787A2DF00672CAB /* NotificationController.swift */ = {isa = PBXFileReference; lastKnownFileType = sourcecode.swift; path = NotificationController.swift; sourceTree = "<group>"; };
		299A03252787A2F000672CAB /* ProfileController.swift */ = {isa = PBXFileReference; lastKnownFileType = sourcecode.swift; path = ProfileController.swift; sourceTree = "<group>"; };
		299ECCE027F7317100554721 /* PostService.swift */ = {isa = PBXFileReference; lastKnownFileType = sourcecode.swift; path = PostService.swift; sourceTree = "<group>"; };
		299F3A8C27BD984600FEF1A0 /* UserCellViewModel.swift */ = {isa = PBXFileReference; lastKnownFileType = sourcecode.swift; path = UserCellViewModel.swift; sourceTree = "<group>"; };
		29A3037027F7C7AF00E2EDFB /* Post.swift */ = {isa = PBXFileReference; lastKnownFileType = sourcecode.swift; path = Post.swift; sourceTree = "<group>"; };
		29A3037327F7D68500E2EDFB /* PostViewModel.swift */ = {isa = PBXFileReference; lastKnownFileType = sourcecode.swift; path = PostViewModel.swift; sourceTree = "<group>"; };
		29D76DEC27FCAAFB002DCDB3 /* CommentInputAccessoryView.swift */ = {isa = PBXFileReference; lastKnownFileType = sourcecode.swift; path = CommentInputAccessoryView.swift; sourceTree = "<group>"; };
		29D76DEF27FCD1FF002DCDB3 /* CommentService.swift */ = {isa = PBXFileReference; lastKnownFileType = sourcecode.swift; path = CommentService.swift; sourceTree = "<group>"; };
		29D76DF227FD173D002DCDB3 /* Comment.swift */ = {isa = PBXFileReference; lastKnownFileType = sourcecode.swift; path = Comment.swift; sourceTree = "<group>"; };
		29D76DF527FD3EF1002DCDB3 /* CommentViewModel.swift */ = {isa = PBXFileReference; lastKnownFileType = sourcecode.swift; path = CommentViewModel.swift; sourceTree = "<group>"; };
		29D76DF827FF8B54002DCDB3 /* NotificationCell.swift */ = {isa = PBXFileReference; lastKnownFileType = sourcecode.swift; path = NotificationCell.swift; sourceTree = "<group>"; };
		29D76DFB28051497002DCDB3 /* Notification.swift */ = {isa = PBXFileReference; lastKnownFileType = sourcecode.swift; path = Notification.swift; sourceTree = "<group>"; };
		29EA25CD279D300600AA81F1 /* ImageUploader.swift */ = {isa = PBXFileReference; lastKnownFileType = sourcecode.swift; path = ImageUploader.swift; sourceTree = "<group>"; };
		29EA25D0279D301C00AA81F1 /* AuthService.swift */ = {isa = PBXFileReference; lastKnownFileType = sourcecode.swift; path = AuthService.swift; sourceTree = "<group>"; };
		29ED30B42787D0E600D72974 /* Assets.xcassets */ = {isa = PBXFileReference; lastKnownFileType = folder.assetcatalog; path = Assets.xcassets; sourceTree = "<group>"; };
		29FF71852787F50600795AB5 /* FeedCell.swift */ = {isa = PBXFileReference; lastKnownFileType = sourcecode.swift; path = FeedCell.swift; sourceTree = "<group>"; };
		29FF71882787F70400795AB5 /* Extensions.swift */ = {isa = PBXFileReference; fileEncoding = 4; lastKnownFileType = sourcecode.swift; path = Extensions.swift; sourceTree = "<group>"; };
		29FF718B2788259E00795AB5 /* LoginController.swift */ = {isa = PBXFileReference; lastKnownFileType = sourcecode.swift; path = LoginController.swift; sourceTree = "<group>"; };
		29FF718E278825B100795AB5 /* RegistrationController.swift */ = {isa = PBXFileReference; lastKnownFileType = sourcecode.swift; path = RegistrationController.swift; sourceTree = "<group>"; };
		29FF71912788E77500795AB5 /* CustomTextField.swift */ = {isa = PBXFileReference; lastKnownFileType = sourcecode.swift; path = CustomTextField.swift; sourceTree = "<group>"; };
		29FF7194278A72E400795AB5 /* AuthenticationViewModel.swift */ = {isa = PBXFileReference; lastKnownFileType = sourcecode.swift; path = AuthenticationViewModel.swift; sourceTree = "<group>"; };
		46FBD38E1EA7FFB1EF4E3868 /* Pods-instaClone.debug.xcconfig */ = {isa = PBXFileReference; includeInIndex = 1; lastKnownFileType = text.xcconfig; name = "Pods-instaClone.debug.xcconfig"; path = "Target Support Files/Pods-instaClone/Pods-instaClone.debug.xcconfig"; sourceTree = "<group>"; };
		6E0B5DC5762D07AD1F0E83CC /* Pods-instaClone.release.xcconfig */ = {isa = PBXFileReference; includeInIndex = 1; lastKnownFileType = text.xcconfig; name = "Pods-instaClone.release.xcconfig"; path = "Target Support Files/Pods-instaClone/Pods-instaClone.release.xcconfig"; sourceTree = "<group>"; };
		CC39865A7D0BDBA075584F88 /* Pods_instaClone.framework */ = {isa = PBXFileReference; explicitFileType = wrapper.framework; includeInIndex = 0; path = Pods_instaClone.framework; sourceTree = BUILT_PRODUCTS_DIR; };
/* End PBXFileReference section */

/* Begin PBXFrameworksBuildPhase section */
		299A02EF27879A0C00672CAB /* Frameworks */ = {
			isa = PBXFrameworksBuildPhase;
			buildActionMask = 2147483647;
			files = (
				0CC14F111739ECA997F1CC60 /* Pods_instaClone.framework in Frameworks */,
			);
			runOnlyForDeploymentPostprocessing = 0;
		};
/* End PBXFrameworksBuildPhase section */

/* Begin PBXGroup section */
		2940A9D927B429B500BAE463 /* Profile */ = {
			isa = PBXGroup;
			children = (
				2940A9D327B4298200BAE463 /* ProfileCell.swift */,
				2940A9D627B4299E00BAE463 /* ProfileHeader.swift */,
			);
			path = Profile;
			sourceTree = "<group>";
		};
		299A02E927879A0C00672CAB = {
			isa = PBXGroup;
			children = (
				299A02F427879A0C00672CAB /* instaClone */,
				299A02F327879A0C00672CAB /* Products */,
				4779405210A12B452816939C /* Pods */,
				7ADB67D8FD70CB2A334C882C /* Frameworks */,
			);
			sourceTree = "<group>";
		};
		299A02F327879A0C00672CAB /* Products */ = {
			isa = PBXGroup;
			children = (
				299A02F227879A0C00672CAB /* instaClone.app */,
			);
			name = Products;
			sourceTree = "<group>";
		};
		299A02F427879A0C00672CAB /* instaClone */ = {
			isa = PBXGroup;
			children = (
				299A031227879B4B00672CAB /* Model */,
				299A031127879B4A00672CAB /* View */,
				299A031027879B4900672CAB /* ViewModel */,
				299A030F27879B4700672CAB /* Controller */,
				299A030E27879B4600672CAB /* API */,
				299A030D27879B4400672CAB /* Utils */,
				299A02F527879A0C00672CAB /* AppDelegate.swift */,
				299A02F727879A0C00672CAB /* SceneDelegate.swift */,
				29ED30B42787D0E600D72974 /* Assets.xcassets */,
				299A030027879A0F00672CAB /* LaunchScreen.storyboard */,
				298ADA6327976AEA001222A7 /* GoogleService-Info.plist */,
				299A030327879A0F00672CAB /* Info.plist */,
			);
			path = instaClone;
			sourceTree = "<group>";
		};
		299A030D27879B4400672CAB /* Utils */ = {
			isa = PBXGroup;
			children = (
				29FF71882787F70400795AB5 /* Extensions.swift */,
				299ECCE027F7317100554721 /* PostService.swift */,
				290029AE27F67D57006B72E9 /* InputTextView.swift */,
				294FEFEC27B9AC1E00364BFC /* Constants.swift */,
			);
			path = Utils;
			sourceTree = "<group>";
		};
		299A030E27879B4600672CAB /* API */ = {
			isa = PBXGroup;
			children = (
				29EA25CD279D300600AA81F1 /* ImageUploader.swift */,
				29EA25D0279D301C00AA81F1 /* AuthService.swift */,
				294FEFEF27B9ACBA00364BFC /* UserService.swift */,
				29D76DEF27FCD1FF002DCDB3 /* CommentService.swift */,
			);
			path = API;
			sourceTree = "<group>";
		};
		299A030F27879B4700672CAB /* Controller */ = {
			isa = PBXGroup;
			children = (
				299A031427879CA000672CAB /* MainTabController.swift */,
				292167D127F9EA0C0008EA4D /* CommentController.swift */,
				290029AB27F676A2006B72E9 /* UploadPostController.swift */,
				299A03192787A2A600672CAB /* FeedController.swift */,
				299A031C2787A2BE00672CAB /* SearchController.swift */,
				299A031F2787A2D100672CAB /* ImageSelectorController.swift */,
				299A03222787A2DF00672CAB /* NotificationController.swift */,
				299A03252787A2F000672CAB /* ProfileController.swift */,
				29FF718B2788259E00795AB5 /* LoginController.swift */,
				29FF718E278825B100795AB5 /* RegistrationController.swift */,
			);
			path = Controller;
			sourceTree = "<group>";
		};
		299A031027879B4900672CAB /* ViewModel */ = {
			isa = PBXGroup;
			children = (
				29FF7194278A72E400795AB5 /* AuthenticationViewModel.swift */,
				29A3037327F7D68500E2EDFB /* PostViewModel.swift */,
				294FEFF527B9C21E00364BFC /* ProfileHeaderViewModel.swift */,
				299F3A8C27BD984600FEF1A0 /* UserCellViewModel.swift */,
				29D76DF527FD3EF1002DCDB3 /* CommentViewModel.swift */,
			);
			path = ViewModel;
			sourceTree = "<group>";
		};
		299A031127879B4A00672CAB /* View */ = {
			isa = PBXGroup;
			children = (
				2940A9D927B429B500BAE463 /* Profile */,
				29FF71852787F50600795AB5 /* FeedCell.swift */,
				29FF71912788E77500795AB5 /* CustomTextField.swift */,
				29D76DF827FF8B54002DCDB3 /* NotificationCell.swift */,
				292167D427F9EC920008EA4D /* CommentCell.swift */,
				294F0C2B27BA3BF900BC862C /* UserCell.swift */,
				29D76DEC27FCAAFB002DCDB3 /* CommentInputAccessoryView.swift */,
			);
			path = View;
			sourceTree = "<group>";
		};
		299A031227879B4B00672CAB /* Model */ = {
			isa = PBXGroup;
			children = (
				294FEFF227B9AEEA00364BFC /* User.swift */,
				29A3037027F7C7AF00E2EDFB /* Post.swift */,
				29D76DF227FD173D002DCDB3 /* Comment.swift */,
				29D76DFB28051497002DCDB3 /* Notification.swift */,
			);
			path = Model;
			sourceTree = "<group>";
		};
		4779405210A12B452816939C /* Pods */ = {
			isa = PBXGroup;
			children = (
				46FBD38E1EA7FFB1EF4E3868 /* Pods-instaClone.debug.xcconfig */,
				6E0B5DC5762D07AD1F0E83CC /* Pods-instaClone.release.xcconfig */,
			);
			path = Pods;
			sourceTree = "<group>";
		};
		7ADB67D8FD70CB2A334C882C /* Frameworks */ = {
			isa = PBXGroup;
			children = (
				CC39865A7D0BDBA075584F88 /* Pods_instaClone.framework */,
			);
			name = Frameworks;
			sourceTree = "<group>";
		};
/* End PBXGroup section */

/* Begin PBXNativeTarget section */
		299A02F127879A0C00672CAB /* instaClone */ = {
			isa = PBXNativeTarget;
			buildConfigurationList = 299A030627879A0F00672CAB /* Build configuration list for PBXNativeTarget "instaClone" */;
			buildPhases = (
				D96EA272EA9AEC9D53F0EA1B /* [CP] Check Pods Manifest.lock */,
				299A02EE27879A0C00672CAB /* Sources */,
				299A02EF27879A0C00672CAB /* Frameworks */,
				299A02F027879A0C00672CAB /* Resources */,
				46033E19922127D8746EDFC9 /* [CP] Embed Pods Frameworks */,
			);
			buildRules = (
			);
			dependencies = (
			);
			name = instaClone;
			productName = instaClone;
			productReference = 299A02F227879A0C00672CAB /* instaClone.app */;
			productType = "com.apple.product-type.application";
		};
/* End PBXNativeTarget section */

/* Begin PBXProject section */
		299A02EA27879A0C00672CAB /* Project object */ = {
			isa = PBXProject;
			attributes = {
				LastSwiftUpdateCheck = 1240;
				LastUpgradeCheck = 1240;
				TargetAttributes = {
					299A02F127879A0C00672CAB = {
						CreatedOnToolsVersion = 12.4;
					};
				};
			};
			buildConfigurationList = 299A02ED27879A0C00672CAB /* Build configuration list for PBXProject "instaClone" */;
			compatibilityVersion = "Xcode 9.3";
			developmentRegion = en;
			hasScannedForEncodings = 0;
			knownRegions = (
				en,
				Base,
			);
			mainGroup = 299A02E927879A0C00672CAB;
			productRefGroup = 299A02F327879A0C00672CAB /* Products */;
			projectDirPath = "";
			projectRoot = "";
			targets = (
				299A02F127879A0C00672CAB /* instaClone */,
			);
		};
/* End PBXProject section */

/* Begin PBXResourcesBuildPhase section */
		299A02F027879A0C00672CAB /* Resources */ = {
			isa = PBXResourcesBuildPhase;
			buildActionMask = 2147483647;
			files = (
				299A030227879A0F00672CAB /* LaunchScreen.storyboard in Resources */,
				29ED30B52787D0E700D72974 /* Assets.xcassets in Resources */,
				298ADA6427976AEA001222A7 /* GoogleService-Info.plist in Resources */,
			);
			runOnlyForDeploymentPostprocessing = 0;
		};
/* End PBXResourcesBuildPhase section */

/* Begin PBXShellScriptBuildPhase section */
		46033E19922127D8746EDFC9 /* [CP] Embed Pods Frameworks */ = {
			isa = PBXShellScriptBuildPhase;
			buildActionMask = 2147483647;
			files = (
			);
			inputFileListPaths = (
				"${PODS_ROOT}/Target Support Files/Pods-instaClone/Pods-instaClone-frameworks-${CONFIGURATION}-input-files.xcfilelist",
			);
			name = "[CP] Embed Pods Frameworks";
			outputFileListPaths = (
				"${PODS_ROOT}/Target Support Files/Pods-instaClone/Pods-instaClone-frameworks-${CONFIGURATION}-output-files.xcfilelist",
			);
			runOnlyForDeploymentPostprocessing = 0;
			shellPath = /bin/sh;
			shellScript = "\"${PODS_ROOT}/Target Support Files/Pods-instaClone/Pods-instaClone-frameworks.sh\"\n";
			showEnvVarsInLog = 0;
		};
		D96EA272EA9AEC9D53F0EA1B /* [CP] Check Pods Manifest.lock */ = {
			isa = PBXShellScriptBuildPhase;
			buildActionMask = 2147483647;
			files = (
			);
			inputFileListPaths = (
			);
			inputPaths = (
				"${PODS_PODFILE_DIR_PATH}/Podfile.lock",
				"${PODS_ROOT}/Manifest.lock",
			);
			name = "[CP] Check Pods Manifest.lock";
			outputFileListPaths = (
			);
			outputPaths = (
				"$(DERIVED_FILE_DIR)/Pods-instaClone-checkManifestLockResult.txt",
			);
			runOnlyForDeploymentPostprocessing = 0;
			shellPath = /bin/sh;
			shellScript = "diff \"${PODS_PODFILE_DIR_PATH}/Podfile.lock\" \"${PODS_ROOT}/Manifest.lock\" > /dev/null\nif [ $? != 0 ] ; then\n    # print error to STDERR\n    echo \"error: The sandbox is not in sync with the Podfile.lock. Run 'pod install' or update your CocoaPods installation.\" >&2\n    exit 1\nfi\n# This output is used by Xcode 'outputs' to avoid re-running this script phase.\necho \"SUCCESS\" > \"${SCRIPT_OUTPUT_FILE_0}\"\n";
			showEnvVarsInLog = 0;
		};
/* End PBXShellScriptBuildPhase section */

/* Begin PBXSourcesBuildPhase section */
		299A02EE27879A0C00672CAB /* Sources */ = {
			isa = PBXSourcesBuildPhase;
			buildActionMask = 2147483647;
			files = (
				2940A9D427B4298200BAE463 /* ProfileCell.swift in Sources */,
				294FEFED27B9AC1E00364BFC /* Constants.swift in Sources */,
				290029AC27F676A2006B72E9 /* UploadPostController.swift in Sources */,
				29FF71922788E77500795AB5 /* CustomTextField.swift in Sources */,
				29D76DED27FCAAFB002DCDB3 /* CommentInputAccessoryView.swift in Sources */,
				29D76DF327FD173D002DCDB3 /* Comment.swift in Sources */,
				29FF718C2788259E00795AB5 /* LoginController.swift in Sources */,
				29EA25CE279D300600AA81F1 /* ImageUploader.swift in Sources */,
				299F3A8D27BD984600FEF1A0 /* UserCellViewModel.swift in Sources */,
				29FF7195278A72E400795AB5 /* AuthenticationViewModel.swift in Sources */,
				299A02F627879A0C00672CAB /* AppDelegate.swift in Sources */,
				299A031D2787A2BE00672CAB /* SearchController.swift in Sources */,
				299A031527879CA000672CAB /* MainTabController.swift in Sources */,
				292167D227F9EA0C0008EA4D /* CommentController.swift in Sources */,
				2940A9D727B4299E00BAE463 /* ProfileHeader.swift in Sources */,
				299A03232787A2DF00672CAB /* NotificationController.swift in Sources */,
				294F0C2C27BA3BF900BC862C /* UserCell.swift in Sources */,
				29D76DFC28051497002DCDB3 /* Notification.swift in Sources */,
				299A02F827879A0C00672CAB /* SceneDelegate.swift in Sources */,
				29FF71892787F70400795AB5 /* Extensions.swift in Sources */,
				299ECCE127F7317100554721 /* PostService.swift in Sources */,
				29D76DF027FCD1FF002DCDB3 /* CommentService.swift in Sources */,
				299A03202787A2D100672CAB /* ImageSelectorController.swift in Sources */,
				299A031A2787A2A600672CAB /* FeedController.swift in Sources */,
				29A3037127F7C7AF00E2EDFB /* Post.swift in Sources */,
				299A03262787A2F000672CAB /* ProfileController.swift in Sources */,
				294FEFF027B9ACBA00364BFC /* UserService.swift in Sources */,
				29FF718F278825B100795AB5 /* RegistrationController.swift in Sources */,
				29FF71862787F50600795AB5 /* FeedCell.swift in Sources */,
				29D76DF927FF8B54002DCDB3 /* NotificationCell.swift in Sources */,
				29A3037427F7D68500E2EDFB /* PostViewModel.swift in Sources */,
				294FEFF627B9C21E00364BFC /* ProfileHeaderViewModel.swift in Sources */,
				292167D527F9EC920008EA4D /* CommentCell.swift in Sources */,
				29EA25D1279D301C00AA81F1 /* AuthService.swift in Sources */,
				290029AF27F67D57006B72E9 /* InputTextView.swift in Sources */,
				29D76DF627FD3EF1002DCDB3 /* CommentViewModel.swift in Sources */,
				294FEFF327B9AEEA00364BFC /* User.swift in Sources */,
			);
			runOnlyForDeploymentPostprocessing = 0;
		};
/* End PBXSourcesBuildPhase section */

/* Begin PBXVariantGroup section */
		299A030027879A0F00672CAB /* LaunchScreen.storyboard */ = {
			isa = PBXVariantGroup;
			children = (
				299A030127879A0F00672CAB /* Base */,
			);
			name = LaunchScreen.storyboard;
			sourceTree = "<group>";
		};
/* End PBXVariantGroup section */

/* Begin XCBuildConfiguration section */
		299A030427879A0F00672CAB /* Debug */ = {
			isa = XCBuildConfiguration;
			buildSettings = {
				ALWAYS_SEARCH_USER_PATHS = NO;
				CLANG_ANALYZER_NONNULL = YES;
				CLANG_ANALYZER_NUMBER_OBJECT_CONVERSION = YES_AGGRESSIVE;
				CLANG_CXX_LANGUAGE_STANDARD = "gnu++14";
				CLANG_CXX_LIBRARY = "libc++";
				CLANG_ENABLE_MODULES = YES;
				CLANG_ENABLE_OBJC_ARC = YES;
				CLANG_ENABLE_OBJC_WEAK = YES;
				CLANG_WARN_BLOCK_CAPTURE_AUTORELEASING = YES;
				CLANG_WARN_BOOL_CONVERSION = YES;
				CLANG_WARN_COMMA = YES;
				CLANG_WARN_CONSTANT_CONVERSION = YES;
				CLANG_WARN_DEPRECATED_OBJC_IMPLEMENTATIONS = YES;
				CLANG_WARN_DIRECT_OBJC_ISA_USAGE = YES_ERROR;
				CLANG_WARN_DOCUMENTATION_COMMENTS = YES;
				CLANG_WARN_EMPTY_BODY = YES;
				CLANG_WARN_ENUM_CONVERSION = YES;
				CLANG_WARN_INFINITE_RECURSION = YES;
				CLANG_WARN_INT_CONVERSION = YES;
				CLANG_WARN_NON_LITERAL_NULL_CONVERSION = YES;
				CLANG_WARN_OBJC_IMPLICIT_RETAIN_SELF = YES;
				CLANG_WARN_OBJC_LITERAL_CONVERSION = YES;
				CLANG_WARN_OBJC_ROOT_CLASS = YES_ERROR;
				CLANG_WARN_QUOTED_INCLUDE_IN_FRAMEWORK_HEADER = YES;
				CLANG_WARN_RANGE_LOOP_ANALYSIS = YES;
				CLANG_WARN_STRICT_PROTOTYPES = YES;
				CLANG_WARN_SUSPICIOUS_MOVE = YES;
				CLANG_WARN_UNGUARDED_AVAILABILITY = YES_AGGRESSIVE;
				CLANG_WARN_UNREACHABLE_CODE = YES;
				CLANG_WARN__DUPLICATE_METHOD_MATCH = YES;
				COPY_PHASE_STRIP = NO;
				DEBUG_INFORMATION_FORMAT = dwarf;
				ENABLE_STRICT_OBJC_MSGSEND = YES;
				ENABLE_TESTABILITY = YES;
				GCC_C_LANGUAGE_STANDARD = gnu11;
				GCC_DYNAMIC_NO_PIC = NO;
				GCC_NO_COMMON_BLOCKS = YES;
				GCC_OPTIMIZATION_LEVEL = 0;
				GCC_PREPROCESSOR_DEFINITIONS = (
					"DEBUG=1",
					"$(inherited)",
				);
				GCC_WARN_64_TO_32_BIT_CONVERSION = YES;
				GCC_WARN_ABOUT_RETURN_TYPE = YES_ERROR;
				GCC_WARN_UNDECLARED_SELECTOR = YES;
				GCC_WARN_UNINITIALIZED_AUTOS = YES_AGGRESSIVE;
				GCC_WARN_UNUSED_FUNCTION = YES;
				GCC_WARN_UNUSED_VARIABLE = YES;
				IPHONEOS_DEPLOYMENT_TARGET = 14.4;
				MTL_ENABLE_DEBUG_INFO = INCLUDE_SOURCE;
				MTL_FAST_MATH = YES;
				ONLY_ACTIVE_ARCH = YES;
				SDKROOT = iphoneos;
				SWIFT_ACTIVE_COMPILATION_CONDITIONS = DEBUG;
				SWIFT_OPTIMIZATION_LEVEL = "-Onone";
			};
			name = Debug;
		};
		299A030527879A0F00672CAB /* Release */ = {
			isa = XCBuildConfiguration;
			buildSettings = {
				ALWAYS_SEARCH_USER_PATHS = NO;
				CLANG_ANALYZER_NONNULL = YES;
				CLANG_ANALYZER_NUMBER_OBJECT_CONVERSION = YES_AGGRESSIVE;
				CLANG_CXX_LANGUAGE_STANDARD = "gnu++14";
				CLANG_CXX_LIBRARY = "libc++";
				CLANG_ENABLE_MODULES = YES;
				CLANG_ENABLE_OBJC_ARC = YES;
				CLANG_ENABLE_OBJC_WEAK = YES;
				CLANG_WARN_BLOCK_CAPTURE_AUTORELEASING = YES;
				CLANG_WARN_BOOL_CONVERSION = YES;
				CLANG_WARN_COMMA = YES;
				CLANG_WARN_CONSTANT_CONVERSION = YES;
				CLANG_WARN_DEPRECATED_OBJC_IMPLEMENTATIONS = YES;
				CLANG_WARN_DIRECT_OBJC_ISA_USAGE = YES_ERROR;
				CLANG_WARN_DOCUMENTATION_COMMENTS = YES;
				CLANG_WARN_EMPTY_BODY = YES;
				CLANG_WARN_ENUM_CONVERSION = YES;
				CLANG_WARN_INFINITE_RECURSION = YES;
				CLANG_WARN_INT_CONVERSION = YES;
				CLANG_WARN_NON_LITERAL_NULL_CONVERSION = YES;
				CLANG_WARN_OBJC_IMPLICIT_RETAIN_SELF = YES;
				CLANG_WARN_OBJC_LITERAL_CONVERSION = YES;
				CLANG_WARN_OBJC_ROOT_CLASS = YES_ERROR;
				CLANG_WARN_QUOTED_INCLUDE_IN_FRAMEWORK_HEADER = YES;
				CLANG_WARN_RANGE_LOOP_ANALYSIS = YES;
				CLANG_WARN_STRICT_PROTOTYPES = YES;
				CLANG_WARN_SUSPICIOUS_MOVE = YES;
				CLANG_WARN_UNGUARDED_AVAILABILITY = YES_AGGRESSIVE;
				CLANG_WARN_UNREACHABLE_CODE = YES;
				CLANG_WARN__DUPLICATE_METHOD_MATCH = YES;
				COPY_PHASE_STRIP = NO;
				DEBUG_INFORMATION_FORMAT = "dwarf-with-dsym";
				ENABLE_NS_ASSERTIONS = NO;
				ENABLE_STRICT_OBJC_MSGSEND = YES;
				GCC_C_LANGUAGE_STANDARD = gnu11;
				GCC_NO_COMMON_BLOCKS = YES;
				GCC_WARN_64_TO_32_BIT_CONVERSION = YES;
				GCC_WARN_ABOUT_RETURN_TYPE = YES_ERROR;
				GCC_WARN_UNDECLARED_SELECTOR = YES;
				GCC_WARN_UNINITIALIZED_AUTOS = YES_AGGRESSIVE;
				GCC_WARN_UNUSED_FUNCTION = YES;
				GCC_WARN_UNUSED_VARIABLE = YES;
				IPHONEOS_DEPLOYMENT_TARGET = 14.4;
				MTL_ENABLE_DEBUG_INFO = NO;
				MTL_FAST_MATH = YES;
				SDKROOT = iphoneos;
				SWIFT_COMPILATION_MODE = wholemodule;
				SWIFT_OPTIMIZATION_LEVEL = "-O";
				VALIDATE_PRODUCT = YES;
			};
			name = Release;
		};
		299A030727879A0F00672CAB /* Debug */ = {
			isa = XCBuildConfiguration;
			baseConfigurationReference = 46FBD38E1EA7FFB1EF4E3868 /* Pods-instaClone.debug.xcconfig */;
			buildSettings = {
				ASSETCATALOG_COMPILER_APPICON_NAME = AppIcon;
				ASSETCATALOG_COMPILER_GLOBAL_ACCENT_COLOR_NAME = AccentColor;
				CODE_SIGN_STYLE = Automatic;
				DEVELOPMENT_TEAM = GTU3MN4DTE;
				INFOPLIST_FILE = instaClone/Info.plist;
				IPHONEOS_DEPLOYMENT_TARGET = 14.1;
				LD_RUNPATH_SEARCH_PATHS = (
					"$(inherited)",
					"@executable_path/Frameworks",
				);
				PRODUCT_BUNDLE_IDENTIFIER = com.AgileAssociates.instaClone;
				PRODUCT_NAME = "$(TARGET_NAME)";
				SWIFT_VERSION = 5.0;
				TARGETED_DEVICE_FAMILY = 1;
			};
			name = Debug;
		};
		299A030827879A0F00672CAB /* Release */ = {
			isa = XCBuildConfiguration;
			baseConfigurationReference = 6E0B5DC5762D07AD1F0E83CC /* Pods-instaClone.release.xcconfig */;
			buildSettings = {
				ASSETCATALOG_COMPILER_APPICON_NAME = AppIcon;
				ASSETCATALOG_COMPILER_GLOBAL_ACCENT_COLOR_NAME = AccentColor;
				CODE_SIGN_STYLE = Automatic;
				DEVELOPMENT_TEAM = GTU3MN4DTE;
				INFOPLIST_FILE = instaClone/Info.plist;
				IPHONEOS_DEPLOYMENT_TARGET = 14.1;
				LD_RUNPATH_SEARCH_PATHS = (
					"$(inherited)",
					"@executable_path/Frameworks",
				);
				PRODUCT_BUNDLE_IDENTIFIER = com.AgileAssociates.instaClone;
				PRODUCT_NAME = "$(TARGET_NAME)";
				SWIFT_VERSION = 5.0;
				TARGETED_DEVICE_FAMILY = 1;
			};
			name = Release;
		};
/* End XCBuildConfiguration section */

/* Begin XCConfigurationList section */
		299A02ED27879A0C00672CAB /* Build configuration list for PBXProject "instaClone" */ = {
			isa = XCConfigurationList;
			buildConfigurations = (
				299A030427879A0F00672CAB /* Debug */,
				299A030527879A0F00672CAB /* Release */,
			);
			defaultConfigurationIsVisible = 0;
			defaultConfigurationName = Release;
		};
		299A030627879A0F00672CAB /* Build configuration list for PBXNativeTarget "instaClone" */ = {
			isa = XCConfigurationList;
			buildConfigurations = (
				299A030727879A0F00672CAB /* Debug */,
				299A030827879A0F00672CAB /* Release */,
			);
			defaultConfigurationIsVisible = 0;
			defaultConfigurationName = Release;
		};
/* End XCConfigurationList section */
	};
	rootObject = 299A02EA27879A0C00672CAB /* Project object */;
}
